
Microsoft Visual Studio Solution File, Format Version 12.00
# Visual Studio Version 16
VisualStudioVersion = 16.0.31911.196
MinimumVisualStudioVersion = 10.0.40219.1
Project("{9A19103F-16F7-4668-BE54-9A1E7A4F7556}") = "VectorAndPolynomial", "VectorAndPolynomial.csproj", "{CAC567C6-5A3C-42D7-BD64-595D99FBFD67}"
EndProject
Project("{FAE04EC0-301F-11D3-BF4B-00C04F79EFBC}") = "VectorTest", "..\VectorTest\VectorTest.csproj", "{FEE7FBBF-C8A8-451A-A506-FF6B868B1F35}"
EndProject
Global
	GlobalSection(SolutionConfigurationPlatforms) = preSolution
		Debug|Any CPU = Debug|Any CPU
		Release|Any CPU = Release|Any CPU
	EndGlobalSection
	GlobalSection(ProjectConfigurationPlatforms) = postSolution
		{CAC567C6-5A3C-42D7-BD64-595D99FBFD67}.Debug|Any CPU.ActiveCfg = Debug|Any CPU
		{CAC567C6-5A3C-42D7-BD64-595D99FBFD67}.Debug|Any CPU.Build.0 = Debug|Any CPU
		{CAC567C6-5A3C-42D7-BD64-595D99FBFD67}.Release|Any CPU.ActiveCfg = Release|Any CPU
		{CAC567C6-5A3C-42D7-BD64-595D99FBFD67}.Release|Any CPU.Build.0 = Release|Any CPU
		{FEE7FBBF-C8A8-451A-A506-FF6B868B1F35}.Debug|Any CPU.ActiveCfg = Debug|Any CPU
		{FEE7FBBF-C8A8-451A-A506-FF6B868B1F35}.Debug|Any CPU.Build.0 = Debug|Any CPU
		{FEE7FBBF-C8A8-451A-A506-FF6B868B1F35}.Release|Any CPU.ActiveCfg = Release|Any CPU
		{FEE7FBBF-C8A8-451A-A506-FF6B868B1F35}.Release|Any CPU.Build.0 = Release|Any CPU
	EndGlobalSection
	GlobalSection(SolutionProperties) = preSolution
		HideSolutionNode = FALSE
	EndGlobalSection
	GlobalSection(ExtensibilityGlobals) = postSolution
		SolutionGuid = {C814206B-A2DF-42C0-8CA0-BEA595C0D341}
	EndGlobalSection
EndGlobal
